// !$*UTF8*$!
{
	archiveVersion = 1;
	classes = {
	};
	objectVersion = 51;
	objects = {

/* Begin PBXBuildFile section */
		1750CDAF8BBEEED07BD40A44 /* Pods_memory_cards_game.framework in Frameworks */ = {isa = PBXBuildFile; fileRef = 776C5BB09F07121D62469F88 /* Pods_memory_cards_game.framework */; };
		431241602468A5A7002BF631 /* GradientUtils.swift in Sources */ = {isa = PBXBuildFile; fileRef = 4312415F2468A5A7002BF631 /* GradientUtils.swift */; };
		431241622469E89C002BF631 /* ShadowUtils.swift in Sources */ = {isa = PBXBuildFile; fileRef = 431241612469E89C002BF631 /* ShadowUtils.swift */; };
		43124169246A84B4002BF631 /* AnimationUtils.swift in Sources */ = {isa = PBXBuildFile; fileRef = 43124168246A84B4002BF631 /* AnimationUtils.swift */; };
		431749C824452679009E1F09 /* AppDelegate.swift in Sources */ = {isa = PBXBuildFile; fileRef = 431749C724452679009E1F09 /* AppDelegate.swift */; };
		431749D42445267B009E1F09 /* LaunchScreen.storyboard in Resources */ = {isa = PBXBuildFile; fileRef = 431749D22445267B009E1F09 /* LaunchScreen.storyboard */; };
		43174A0924452B7E009E1F09 /* ResultsVM.swift in Sources */ = {isa = PBXBuildFile; fileRef = 431749DF24452B7E009E1F09 /* ResultsVM.swift */; };
		43174A0A24452B7E009E1F09 /* ResultCell.swift in Sources */ = {isa = PBXBuildFile; fileRef = 431749E124452B7E009E1F09 /* ResultCell.swift */; };
		43174A0B24452B7E009E1F09 /* ResultCell.xib in Resources */ = {isa = PBXBuildFile; fileRef = 431749E224452B7E009E1F09 /* ResultCell.xib */; };
		43174A0C24452B7E009E1F09 /* ResultsVC.storyboard in Resources */ = {isa = PBXBuildFile; fileRef = 431749E324452B7E009E1F09 /* ResultsVC.storyboard */; };
		43174A0D24452B7E009E1F09 /* ResultsVC.swift in Sources */ = {isa = PBXBuildFile; fileRef = 431749E424452B7E009E1F09 /* ResultsVC.swift */; };
		43174A0E24452B7E009E1F09 /* MemoryCardsGameVM.swift in Sources */ = {isa = PBXBuildFile; fileRef = 431749E724452B7E009E1F09 /* MemoryCardsGameVM.swift */; };
		43174A1224452B7E009E1F09 /* CardCellVM.swift in Sources */ = {isa = PBXBuildFile; fileRef = 431749F024452B7E009E1F09 /* CardCellVM.swift */; };
		43174A1324452B7E009E1F09 /* CardCell.swift in Sources */ = {isa = PBXBuildFile; fileRef = 431749F124452B7E009E1F09 /* CardCell.swift */; };
		43174A1424452B7E009E1F09 /* CardCell.xib in Resources */ = {isa = PBXBuildFile; fileRef = 431749F224452B7E009E1F09 /* CardCell.xib */; };
		43174A1824452B7E009E1F09 /* MemoryCardsGameVC.storyboard in Resources */ = {isa = PBXBuildFile; fileRef = 431749F824452B7E009E1F09 /* MemoryCardsGameVC.storyboard */; };
		43174A1924452B7E009E1F09 /* MemoryCardsGameVC.swift in Sources */ = {isa = PBXBuildFile; fileRef = 431749FA24452B7E009E1F09 /* MemoryCardsGameVC.swift */; };
		43174A1A24452B7E009E1F09 /* MenuVM.swift in Sources */ = {isa = PBXBuildFile; fileRef = 431749FD24452B7E009E1F09 /* MenuVM.swift */; };
		43174A1B24452B7E009E1F09 /* MenuVC.storyboard in Resources */ = {isa = PBXBuildFile; fileRef = 431749FE24452B7E009E1F09 /* MenuVC.storyboard */; };
		43174A1C24452B7E009E1F09 /* MenuVC.swift in Sources */ = {isa = PBXBuildFile; fileRef = 431749FF24452B7E009E1F09 /* MenuVC.swift */; };
		43174A1D24452B7E009E1F09 /* FlowStep.swift in Sources */ = {isa = PBXBuildFile; fileRef = 43174A0124452B7E009E1F09 /* FlowStep.swift */; };
		43174A1E24452B7E009E1F09 /* AppFlow.swift in Sources */ = {isa = PBXBuildFile; fileRef = 43174A0224452B7E009E1F09 /* AppFlow.swift */; };
		43174A1F24452B7E009E1F09 /* NavigationControllerUtils.swift in Sources */ = {isa = PBXBuildFile; fileRef = 43174A0424452B7E009E1F09 /* NavigationControllerUtils.swift */; };
		43174A2024452B7E009E1F09 /* TimeUtils.swift in Sources */ = {isa = PBXBuildFile; fileRef = 43174A0524452B7E009E1F09 /* TimeUtils.swift */; };
		43174A2124452B7E009E1F09 /* ArrayUtils.swift in Sources */ = {isa = PBXBuildFile; fileRef = 43174A0624452B7E009E1F09 /* ArrayUtils.swift */; };
		43174A2224452B7E009E1F09 /* GameRoundDO.swift in Sources */ = {isa = PBXBuildFile; fileRef = 43174A0824452B7E009E1F09 /* GameRoundDO.swift */; };
		43174A2624452C24009E1F09 /* Assets.xcassets in Resources */ = {isa = PBXBuildFile; fileRef = 43174A2424452C24009E1F09 /* Assets.xcassets */; };
		43174A2724452C24009E1F09 /* Images.xcassets in Resources */ = {isa = PBXBuildFile; fileRef = 43174A2524452C24009E1F09 /* Images.xcassets */; };
		4395CFAF24689DA900D016B0 /* ColorStylesheet.swift in Sources */ = {isa = PBXBuildFile; fileRef = 4395CFAE24689DA900D016B0 /* ColorStylesheet.swift */; };
/* End PBXBuildFile section */

/* Begin PBXFileReference section */
		0EB02C741EA05C97651D531D /* Pods-memory-cards-game.release.xcconfig */ = {isa = PBXFileReference; includeInIndex = 1; lastKnownFileType = text.xcconfig; name = "Pods-memory-cards-game.release.xcconfig"; path = "Target Support Files/Pods-memory-cards-game/Pods-memory-cards-game.release.xcconfig"; sourceTree = "<group>"; };
		4312415F2468A5A7002BF631 /* GradientUtils.swift */ = {isa = PBXFileReference; lastKnownFileType = sourcecode.swift; path = GradientUtils.swift; sourceTree = "<group>"; };
		431241612469E89C002BF631 /* ShadowUtils.swift */ = {isa = PBXFileReference; lastKnownFileType = sourcecode.swift; path = ShadowUtils.swift; sourceTree = "<group>"; };
		43124168246A84B4002BF631 /* AnimationUtils.swift */ = {isa = PBXFileReference; lastKnownFileType = sourcecode.swift; path = AnimationUtils.swift; sourceTree = "<group>"; };
		431749C424452679009E1F09 /* Memory cards game.app */ = {isa = PBXFileReference; explicitFileType = wrapper.application; includeInIndex = 0; path = "Memory cards game.app"; sourceTree = BUILT_PRODUCTS_DIR; };
		431749C724452679009E1F09 /* AppDelegate.swift */ = {isa = PBXFileReference; lastKnownFileType = sourcecode.swift; path = AppDelegate.swift; sourceTree = "<group>"; };
		431749D32445267B009E1F09 /* Base */ = {isa = PBXFileReference; lastKnownFileType = file.storyboard; name = Base; path = Base.lproj/LaunchScreen.storyboard; sourceTree = "<group>"; };
		431749D52445267B009E1F09 /* Info.plist */ = {isa = PBXFileReference; lastKnownFileType = text.plist.xml; path = Info.plist; sourceTree = "<group>"; };
		431749DF24452B7E009E1F09 /* ResultsVM.swift */ = {isa = PBXFileReference; fileEncoding = 4; lastKnownFileType = sourcecode.swift; path = ResultsVM.swift; sourceTree = "<group>"; };
		431749E124452B7E009E1F09 /* ResultCell.swift */ = {isa = PBXFileReference; fileEncoding = 4; lastKnownFileType = sourcecode.swift; path = ResultCell.swift; sourceTree = "<group>"; };
		431749E224452B7E009E1F09 /* ResultCell.xib */ = {isa = PBXFileReference; fileEncoding = 4; lastKnownFileType = file.xib; path = ResultCell.xib; sourceTree = "<group>"; };
		431749E324452B7E009E1F09 /* ResultsVC.storyboard */ = {isa = PBXFileReference; fileEncoding = 4; lastKnownFileType = file.storyboard; path = ResultsVC.storyboard; sourceTree = "<group>"; };
		431749E424452B7E009E1F09 /* ResultsVC.swift */ = {isa = PBXFileReference; fileEncoding = 4; lastKnownFileType = sourcecode.swift; path = ResultsVC.swift; sourceTree = "<group>"; };
		431749E724452B7E009E1F09 /* MemoryCardsGameVM.swift */ = {isa = PBXFileReference; fileEncoding = 4; lastKnownFileType = sourcecode.swift; path = MemoryCardsGameVM.swift; sourceTree = "<group>"; };
		431749F024452B7E009E1F09 /* CardCellVM.swift */ = {isa = PBXFileReference; fileEncoding = 4; lastKnownFileType = sourcecode.swift; path = CardCellVM.swift; sourceTree = "<group>"; };
		431749F124452B7E009E1F09 /* CardCell.swift */ = {isa = PBXFileReference; fileEncoding = 4; lastKnownFileType = sourcecode.swift; path = CardCell.swift; sourceTree = "<group>"; };
		431749F224452B7E009E1F09 /* CardCell.xib */ = {isa = PBXFileReference; fileEncoding = 4; lastKnownFileType = file.xib; path = CardCell.xib; sourceTree = "<group>"; };
		431749F924452B7E009E1F09 /* Base */ = {isa = PBXFileReference; lastKnownFileType = file.storyboard; name = Base; path = Base.lproj/MemoryCardsGameVC.storyboard; sourceTree = "<group>"; };
		431749FA24452B7E009E1F09 /* MemoryCardsGameVC.swift */ = {isa = PBXFileReference; fileEncoding = 4; lastKnownFileType = sourcecode.swift; path = MemoryCardsGameVC.swift; sourceTree = "<group>"; };
		431749FD24452B7E009E1F09 /* MenuVM.swift */ = {isa = PBXFileReference; fileEncoding = 4; lastKnownFileType = sourcecode.swift; path = MenuVM.swift; sourceTree = "<group>"; };
		431749FE24452B7E009E1F09 /* MenuVC.storyboard */ = {isa = PBXFileReference; fileEncoding = 4; lastKnownFileType = file.storyboard; path = MenuVC.storyboard; sourceTree = "<group>"; };
		431749FF24452B7E009E1F09 /* MenuVC.swift */ = {isa = PBXFileReference; fileEncoding = 4; lastKnownFileType = sourcecode.swift; path = MenuVC.swift; sourceTree = "<group>"; };
		43174A0124452B7E009E1F09 /* FlowStep.swift */ = {isa = PBXFileReference; fileEncoding = 4; lastKnownFileType = sourcecode.swift; path = FlowStep.swift; sourceTree = "<group>"; };
		43174A0224452B7E009E1F09 /* AppFlow.swift */ = {isa = PBXFileReference; fileEncoding = 4; lastKnownFileType = sourcecode.swift; path = AppFlow.swift; sourceTree = "<group>"; };
		43174A0424452B7E009E1F09 /* NavigationControllerUtils.swift */ = {isa = PBXFileReference; fileEncoding = 4; lastKnownFileType = sourcecode.swift; path = NavigationControllerUtils.swift; sourceTree = "<group>"; };
		43174A0524452B7E009E1F09 /* TimeUtils.swift */ = {isa = PBXFileReference; fileEncoding = 4; lastKnownFileType = sourcecode.swift; path = TimeUtils.swift; sourceTree = "<group>"; };
		43174A0624452B7E009E1F09 /* ArrayUtils.swift */ = {isa = PBXFileReference; fileEncoding = 4; lastKnownFileType = sourcecode.swift; path = ArrayUtils.swift; sourceTree = "<group>"; };
		43174A0824452B7E009E1F09 /* GameRoundDO.swift */ = {isa = PBXFileReference; fileEncoding = 4; lastKnownFileType = sourcecode.swift; path = GameRoundDO.swift; sourceTree = "<group>"; };
		43174A2424452C24009E1F09 /* Assets.xcassets */ = {isa = PBXFileReference; lastKnownFileType = folder.assetcatalog; path = Assets.xcassets; sourceTree = "<group>"; };
		43174A2524452C24009E1F09 /* Images.xcassets */ = {isa = PBXFileReference; lastKnownFileType = folder.assetcatalog; path = Images.xcassets; sourceTree = "<group>"; };
		4395CFAE24689DA900D016B0 /* ColorStylesheet.swift */ = {isa = PBXFileReference; fileEncoding = 4; lastKnownFileType = sourcecode.swift; path = ColorStylesheet.swift; sourceTree = "<group>"; };
		449ACB88CE2A2C1D20AFE340 /* Pods-memory-cards-game.debug.xcconfig */ = {isa = PBXFileReference; includeInIndex = 1; lastKnownFileType = text.xcconfig; name = "Pods-memory-cards-game.debug.xcconfig"; path = "Target Support Files/Pods-memory-cards-game/Pods-memory-cards-game.debug.xcconfig"; sourceTree = "<group>"; };
		776C5BB09F07121D62469F88 /* Pods_memory_cards_game.framework */ = {isa = PBXFileReference; explicitFileType = wrapper.framework; includeInIndex = 0; path = Pods_memory_cards_game.framework; sourceTree = BUILT_PRODUCTS_DIR; };
/* End PBXFileReference section */

/* Begin PBXFrameworksBuildPhase section */
		431749C124452679009E1F09 /* Frameworks */ = {
			isa = PBXFrameworksBuildPhase;
			buildActionMask = 2147483647;
			files = (
				1750CDAF8BBEEED07BD40A44 /* Pods_memory_cards_game.framework in Frameworks */,
			);
			runOnlyForDeploymentPostprocessing = 0;
		};
/* End PBXFrameworksBuildPhase section */

/* Begin PBXGroup section */
		431749BB24452679009E1F09 = {
			isa = PBXGroup;
			children = (
				431749C624452679009E1F09 /* memory-cards-game */,
				431749C524452679009E1F09 /* Products */,
				A008B4561DBA3F4D46E4F127 /* Pods */,
				723C77B68F80342879BE380E /* Frameworks */,
			);
			sourceTree = "<group>";
		};
		431749C524452679009E1F09 /* Products */ = {
			isa = PBXGroup;
			children = (
				431749C424452679009E1F09 /* Memory cards game.app */,
			);
			name = Products;
			sourceTree = "<group>";
		};
		431749C624452679009E1F09 /* memory-cards-game */ = {
			isa = PBXGroup;
			children = (
				431749DB24452B7E009E1F09 /* Classes */,
				43174A2324452C23009E1F09 /* Resources */,
				431749C724452679009E1F09 /* AppDelegate.swift */,
				431749D22445267B009E1F09 /* LaunchScreen.storyboard */,
				431749D52445267B009E1F09 /* Info.plist */,
			);
			path = "memory-cards-game";
			sourceTree = "<group>";
		};
		431749DB24452B7E009E1F09 /* Classes */ = {
			isa = PBXGroup;
			children = (
				431749DC24452B7E009E1F09 /* UI */,
				43174A0324452B7E009E1F09 /* Utils */,
				43174A0724452B7E009E1F09 /* Data */,
			);
			path = Classes;
			sourceTree = "<group>";
		};
		431749DC24452B7E009E1F09 /* UI */ = {
			isa = PBXGroup;
			children = (
				4395CFAD24689D9600D016B0 /* Stylesheet */,
				431749FB24452B7E009E1F09 /* Menu */,
				431749E524452B7E009E1F09 /* MemoryCardsGame */,
				431749DD24452B7E009E1F09 /* Results */,
				43174A0024452B7E009E1F09 /* Flows */,
			);
			path = UI;
			sourceTree = "<group>";
		};
		431749DD24452B7E009E1F09 /* Results */ = {
			isa = PBXGroup;
			children = (
				431749DE24452B7E009E1F09 /* ViewModel */,
				431749E024452B7E009E1F09 /* Cells */,
				431749E324452B7E009E1F09 /* ResultsVC.storyboard */,
				431749E424452B7E009E1F09 /* ResultsVC.swift */,
			);
			path = Results;
			sourceTree = "<group>";
		};
		431749DE24452B7E009E1F09 /* ViewModel */ = {
			isa = PBXGroup;
			children = (
				431749DF24452B7E009E1F09 /* ResultsVM.swift */,
			);
			path = ViewModel;
			sourceTree = "<group>";
		};
		431749E024452B7E009E1F09 /* Cells */ = {
			isa = PBXGroup;
			children = (
				431749E124452B7E009E1F09 /* ResultCell.swift */,
				431749E224452B7E009E1F09 /* ResultCell.xib */,
			);
			path = Cells;
			sourceTree = "<group>";
		};
		431749E524452B7E009E1F09 /* MemoryCardsGame */ = {
			isa = PBXGroup;
			children = (
				431749E624452B7E009E1F09 /* ViewModel */,
				431749E824452B7E009E1F09 /* Cells */,
				431749F824452B7E009E1F09 /* MemoryCardsGameVC.storyboard */,
				431749FA24452B7E009E1F09 /* MemoryCardsGameVC.swift */,
			);
			path = MemoryCardsGame;
			sourceTree = "<group>";
		};
		431749E624452B7E009E1F09 /* ViewModel */ = {
			isa = PBXGroup;
			children = (
				431749E724452B7E009E1F09 /* MemoryCardsGameVM.swift */,
			);
			path = ViewModel;
			sourceTree = "<group>";
		};
		431749E824452B7E009E1F09 /* Cells */ = {
			isa = PBXGroup;
			children = (
				431749EE24452B7E009E1F09 /* CardCell */,
			);
			path = Cells;
			sourceTree = "<group>";
		};
		431749EE24452B7E009E1F09 /* CardCell */ = {
			isa = PBXGroup;
			children = (
				431749EF24452B7E009E1F09 /* ViewModel */,
				431749F124452B7E009E1F09 /* CardCell.swift */,
				431749F224452B7E009E1F09 /* CardCell.xib */,
			);
			path = CardCell;
			sourceTree = "<group>";
		};
		431749EF24452B7E009E1F09 /* ViewModel */ = {
			isa = PBXGroup;
			children = (
				431749F024452B7E009E1F09 /* CardCellVM.swift */,
			);
			path = ViewModel;
			sourceTree = "<group>";
		};
		431749FB24452B7E009E1F09 /* Menu */ = {
			isa = PBXGroup;
			children = (
				431749FC24452B7E009E1F09 /* ViewModel */,
				431749FE24452B7E009E1F09 /* MenuVC.storyboard */,
				431749FF24452B7E009E1F09 /* MenuVC.swift */,
			);
			path = Menu;
			sourceTree = "<group>";
		};
		431749FC24452B7E009E1F09 /* ViewModel */ = {
			isa = PBXGroup;
			children = (
				431749FD24452B7E009E1F09 /* MenuVM.swift */,
			);
			path = ViewModel;
			sourceTree = "<group>";
		};
		43174A0024452B7E009E1F09 /* Flows */ = {
			isa = PBXGroup;
			children = (
				43174A0124452B7E009E1F09 /* FlowStep.swift */,
				43174A0224452B7E009E1F09 /* AppFlow.swift */,
			);
			path = Flows;
			sourceTree = "<group>";
		};
		43174A0324452B7E009E1F09 /* Utils */ = {
			isa = PBXGroup;
			children = (
				43174A0424452B7E009E1F09 /* NavigationControllerUtils.swift */,
				43174A0524452B7E009E1F09 /* TimeUtils.swift */,
				43174A0624452B7E009E1F09 /* ArrayUtils.swift */,
				4312415F2468A5A7002BF631 /* GradientUtils.swift */,
				431241612469E89C002BF631 /* ShadowUtils.swift */,
				43124168246A84B4002BF631 /* AnimationUtils.swift */,
			);
			path = Utils;
			sourceTree = "<group>";
		};
		43174A0724452B7E009E1F09 /* Data */ = {
			isa = PBXGroup;
			children = (
				43174A0824452B7E009E1F09 /* GameRoundDO.swift */,
			);
			path = Data;
			sourceTree = "<group>";
		};
		43174A2324452C23009E1F09 /* Resources */ = {
			isa = PBXGroup;
			children = (
				43174A2424452C24009E1F09 /* Assets.xcassets */,
				43174A2524452C24009E1F09 /* Images.xcassets */,
			);
			path = Resources;
			sourceTree = "<group>";
		};
		4395CFAD24689D9600D016B0 /* Stylesheet */ = {
			isa = PBXGroup;
			children = (
				4395CFAE24689DA900D016B0 /* ColorStylesheet.swift */,
			);
			path = Stylesheet;
			sourceTree = "<group>";
		};
		723C77B68F80342879BE380E /* Frameworks */ = {
			isa = PBXGroup;
			children = (
				776C5BB09F07121D62469F88 /* Pods_memory_cards_game.framework */,
			);
			name = Frameworks;
			sourceTree = "<group>";
		};
		A008B4561DBA3F4D46E4F127 /* Pods */ = {
			isa = PBXGroup;
			children = (
				449ACB88CE2A2C1D20AFE340 /* Pods-memory-cards-game.debug.xcconfig */,
				0EB02C741EA05C97651D531D /* Pods-memory-cards-game.release.xcconfig */,
			);
			path = Pods;
			sourceTree = "<group>";
		};
/* End PBXGroup section */

/* Begin PBXNativeTarget section */
		431749C324452679009E1F09 /* memory-cards-game */ = {
			isa = PBXNativeTarget;
			buildConfigurationList = 431749D82445267B009E1F09 /* Build configuration list for PBXNativeTarget "memory-cards-game" */;
			buildPhases = (
				1F027B062F2655472AADB36E /* [CP] Check Pods Manifest.lock */,
				431749C024452679009E1F09 /* Sources */,
				431749C124452679009E1F09 /* Frameworks */,
				431749C224452679009E1F09 /* Resources */,
				044FCBDEE80C8B326765B196 /* [CP] Embed Pods Frameworks */,
			);
			buildRules = (
			);
			dependencies = (
			);
			name = "memory-cards-game";
			productName = "memory-cards-game";
			productReference = 431749C424452679009E1F09 /* Memory cards game.app */;
			productType = "com.apple.product-type.application";
		};
/* End PBXNativeTarget section */

/* Begin PBXProject section */
		431749BC24452679009E1F09 /* Project object */ = {
			isa = PBXProject;
			attributes = {
				LastSwiftUpdateCheck = 1140;
				LastUpgradeCheck = 1140;
				ORGANIZATIONNAME = "Kristīne Kazakēviča";
				TargetAttributes = {
					431749C324452679009E1F09 = {
						CreatedOnToolsVersion = 11.4;
					};
				};
			};
			buildConfigurationList = 431749BF24452679009E1F09 /* Build configuration list for PBXProject "memory-cards-game" */;
			compatibilityVersion = "Xcode 9.3";
			developmentRegion = en;
			hasScannedForEncodings = 0;
			knownRegions = (
				en,
				Base,
			);
			mainGroup = 431749BB24452679009E1F09;
			productRefGroup = 431749C524452679009E1F09 /* Products */;
			projectDirPath = "";
			projectRoot = "";
			targets = (
				431749C324452679009E1F09 /* memory-cards-game */,
			);
		};
/* End PBXProject section */

/* Begin PBXResourcesBuildPhase section */
		431749C224452679009E1F09 /* Resources */ = {
			isa = PBXResourcesBuildPhase;
			buildActionMask = 2147483647;
			files = (
				431749D42445267B009E1F09 /* LaunchScreen.storyboard in Resources */,
				43174A2724452C24009E1F09 /* Images.xcassets in Resources */,
				43174A0B24452B7E009E1F09 /* ResultCell.xib in Resources */,
				43174A1424452B7E009E1F09 /* CardCell.xib in Resources */,
				43174A0C24452B7E009E1F09 /* ResultsVC.storyboard in Resources */,
				43174A1824452B7E009E1F09 /* MemoryCardsGameVC.storyboard in Resources */,
				43174A1B24452B7E009E1F09 /* MenuVC.storyboard in Resources */,
				43174A2624452C24009E1F09 /* Assets.xcassets in Resources */,
			);
			runOnlyForDeploymentPostprocessing = 0;
		};
/* End PBXResourcesBuildPhase section */

/* Begin PBXShellScriptBuildPhase section */
		044FCBDEE80C8B326765B196 /* [CP] Embed Pods Frameworks */ = {
			isa = PBXShellScriptBuildPhase;
			buildActionMask = 2147483647;
			files = (
			);
			inputFileListPaths = (
				"${PODS_ROOT}/Target Support Files/Pods-memory-cards-game/Pods-memory-cards-game-frameworks-${CONFIGURATION}-input-files.xcfilelist",
			);
			name = "[CP] Embed Pods Frameworks";
			outputFileListPaths = (
				"${PODS_ROOT}/Target Support Files/Pods-memory-cards-game/Pods-memory-cards-game-frameworks-${CONFIGURATION}-output-files.xcfilelist",
			);
			runOnlyForDeploymentPostprocessing = 0;
			shellPath = /bin/sh;
			shellScript = "\"${PODS_ROOT}/Target Support Files/Pods-memory-cards-game/Pods-memory-cards-game-frameworks.sh\"\n";
			showEnvVarsInLog = 0;
		};
		1F027B062F2655472AADB36E /* [CP] Check Pods Manifest.lock */ = {
			isa = PBXShellScriptBuildPhase;
			buildActionMask = 2147483647;
			files = (
			);
			inputFileListPaths = (
			);
			inputPaths = (
				"${PODS_PODFILE_DIR_PATH}/Podfile.lock",
				"${PODS_ROOT}/Manifest.lock",
			);
			name = "[CP] Check Pods Manifest.lock";
			outputFileListPaths = (
			);
			outputPaths = (
				"$(DERIVED_FILE_DIR)/Pods-memory-cards-game-checkManifestLockResult.txt",
			);
			runOnlyForDeploymentPostprocessing = 0;
			shellPath = /bin/sh;
			shellScript = "diff \"${PODS_PODFILE_DIR_PATH}/Podfile.lock\" \"${PODS_ROOT}/Manifest.lock\" > /dev/null\nif [ $? != 0 ] ; then\n    # print error to STDERR\n    echo \"error: The sandbox is not in sync with the Podfile.lock. Run 'pod install' or update your CocoaPods installation.\" >&2\n    exit 1\nfi\n# This output is used by Xcode 'outputs' to avoid re-running this script phase.\necho \"SUCCESS\" > \"${SCRIPT_OUTPUT_FILE_0}\"\n";
			showEnvVarsInLog = 0;
		};
/* End PBXShellScriptBuildPhase section */

/* Begin PBXSourcesBuildPhase section */
		431749C024452679009E1F09 /* Sources */ = {
			isa = PBXSourcesBuildPhase;
			buildActionMask = 2147483647;
			files = (
				43124169246A84B4002BF631 /* AnimationUtils.swift in Sources */,
				43174A1224452B7E009E1F09 /* CardCellVM.swift in Sources */,
				431241602468A5A7002BF631 /* GradientUtils.swift in Sources */,
				43174A1E24452B7E009E1F09 /* AppFlow.swift in Sources */,
				43174A1924452B7E009E1F09 /* MemoryCardsGameVC.swift in Sources */,
				43174A2024452B7E009E1F09 /* TimeUtils.swift in Sources */,
				431241622469E89C002BF631 /* ShadowUtils.swift in Sources */,
				43174A1C24452B7E009E1F09 /* MenuVC.swift in Sources */,
				43174A0D24452B7E009E1F09 /* ResultsVC.swift in Sources */,
				43174A0E24452B7E009E1F09 /* MemoryCardsGameVM.swift in Sources */,
				431749C824452679009E1F09 /* AppDelegate.swift in Sources */,
				43174A2224452B7E009E1F09 /* GameRoundDO.swift in Sources */,
				43174A1324452B7E009E1F09 /* CardCell.swift in Sources */,
				43174A0A24452B7E009E1F09 /* ResultCell.swift in Sources */,
				43174A1D24452B7E009E1F09 /* FlowStep.swift in Sources */,
				43174A1F24452B7E009E1F09 /* NavigationControllerUtils.swift in Sources */,
				43174A2124452B7E009E1F09 /* ArrayUtils.swift in Sources */,
				4395CFAF24689DA900D016B0 /* ColorStylesheet.swift in Sources */,
				43174A0924452B7E009E1F09 /* ResultsVM.swift in Sources */,
				43174A1A24452B7E009E1F09 /* MenuVM.swift in Sources */,
			);
			runOnlyForDeploymentPostprocessing = 0;
		};
/* End PBXSourcesBuildPhase section */

/* Begin PBXVariantGroup section */
		431749D22445267B009E1F09 /* LaunchScreen.storyboard */ = {
			isa = PBXVariantGroup;
			children = (
				431749D32445267B009E1F09 /* Base */,
			);
			name = LaunchScreen.storyboard;
			sourceTree = "<group>";
		};
		431749F824452B7E009E1F09 /* MemoryCardsGameVC.storyboard */ = {
			isa = PBXVariantGroup;
			children = (
				431749F924452B7E009E1F09 /* Base */,
			);
			name = MemoryCardsGameVC.storyboard;
			sourceTree = "<group>";
		};
/* End PBXVariantGroup section */

/* Begin XCBuildConfiguration section */
		431749D62445267B009E1F09 /* Debug */ = {
			isa = XCBuildConfiguration;
			buildSettings = {
				ALWAYS_SEARCH_USER_PATHS = NO;
				CLANG_ANALYZER_NONNULL = YES;
				CLANG_ANALYZER_NUMBER_OBJECT_CONVERSION = YES_AGGRESSIVE;
				CLANG_CXX_LANGUAGE_STANDARD = "gnu++14";
				CLANG_CXX_LIBRARY = "libc++";
				CLANG_ENABLE_MODULES = YES;
				CLANG_ENABLE_OBJC_ARC = YES;
				CLANG_ENABLE_OBJC_WEAK = YES;
				CLANG_WARN_BLOCK_CAPTURE_AUTORELEASING = YES;
				CLANG_WARN_BOOL_CONVERSION = YES;
				CLANG_WARN_COMMA = YES;
				CLANG_WARN_CONSTANT_CONVERSION = YES;
				CLANG_WARN_DEPRECATED_OBJC_IMPLEMENTATIONS = YES;
				CLANG_WARN_DIRECT_OBJC_ISA_USAGE = YES_ERROR;
				CLANG_WARN_DOCUMENTATION_COMMENTS = YES;
				CLANG_WARN_EMPTY_BODY = YES;
				CLANG_WARN_ENUM_CONVERSION = YES;
				CLANG_WARN_INFINITE_RECURSION = YES;
				CLANG_WARN_INT_CONVERSION = YES;
				CLANG_WARN_NON_LITERAL_NULL_CONVERSION = YES;
				CLANG_WARN_OBJC_IMPLICIT_RETAIN_SELF = YES;
				CLANG_WARN_OBJC_LITERAL_CONVERSION = YES;
				CLANG_WARN_OBJC_ROOT_CLASS = YES_ERROR;
				CLANG_WARN_RANGE_LOOP_ANALYSIS = YES;
				CLANG_WARN_STRICT_PROTOTYPES = YES;
				CLANG_WARN_SUSPICIOUS_MOVE = YES;
				CLANG_WARN_UNGUARDED_AVAILABILITY = YES_AGGRESSIVE;
				CLANG_WARN_UNREACHABLE_CODE = YES;
				CLANG_WARN__DUPLICATE_METHOD_MATCH = YES;
				COPY_PHASE_STRIP = NO;
				DEBUG_INFORMATION_FORMAT = dwarf;
				ENABLE_STRICT_OBJC_MSGSEND = YES;
				ENABLE_TESTABILITY = YES;
				GCC_C_LANGUAGE_STANDARD = gnu11;
				GCC_DYNAMIC_NO_PIC = NO;
				GCC_NO_COMMON_BLOCKS = YES;
				GCC_OPTIMIZATION_LEVEL = 0;
				GCC_PREPROCESSOR_DEFINITIONS = (
					"DEBUG=1",
					"$(inherited)",
				);
				GCC_WARN_64_TO_32_BIT_CONVERSION = YES;
				GCC_WARN_ABOUT_RETURN_TYPE = YES_ERROR;
				GCC_WARN_UNDECLARED_SELECTOR = YES;
				GCC_WARN_UNINITIALIZED_AUTOS = YES_AGGRESSIVE;
				GCC_WARN_UNUSED_FUNCTION = YES;
				GCC_WARN_UNUSED_VARIABLE = YES;
				IPHONEOS_DEPLOYMENT_TARGET = 13.4;
				MTL_ENABLE_DEBUG_INFO = INCLUDE_SOURCE;
				MTL_FAST_MATH = YES;
				ONLY_ACTIVE_ARCH = YES;
				SDKROOT = iphoneos;
				SWIFT_ACTIVE_COMPILATION_CONDITIONS = DEBUG;
				SWIFT_OPTIMIZATION_LEVEL = "-Onone";
			};
			name = Debug;
		};
		431749D72445267B009E1F09 /* Release */ = {
			isa = XCBuildConfiguration;
			buildSettings = {
				ALWAYS_SEARCH_USER_PATHS = NO;
				CLANG_ANALYZER_NONNULL = YES;
				CLANG_ANALYZER_NUMBER_OBJECT_CONVERSION = YES_AGGRESSIVE;
				CLANG_CXX_LANGUAGE_STANDARD = "gnu++14";
				CLANG_CXX_LIBRARY = "libc++";
				CLANG_ENABLE_MODULES = YES;
				CLANG_ENABLE_OBJC_ARC = YES;
				CLANG_ENABLE_OBJC_WEAK = YES;
				CLANG_WARN_BLOCK_CAPTURE_AUTORELEASING = YES;
				CLANG_WARN_BOOL_CONVERSION = YES;
				CLANG_WARN_COMMA = YES;
				CLANG_WARN_CONSTANT_CONVERSION = YES;
				CLANG_WARN_DEPRECATED_OBJC_IMPLEMENTATIONS = YES;
				CLANG_WARN_DIRECT_OBJC_ISA_USAGE = YES_ERROR;
				CLANG_WARN_DOCUMENTATION_COMMENTS = YES;
				CLANG_WARN_EMPTY_BODY = YES;
				CLANG_WARN_ENUM_CONVERSION = YES;
				CLANG_WARN_INFINITE_RECURSION = YES;
				CLANG_WARN_INT_CONVERSION = YES;
				CLANG_WARN_NON_LITERAL_NULL_CONVERSION = YES;
				CLANG_WARN_OBJC_IMPLICIT_RETAIN_SELF = YES;
				CLANG_WARN_OBJC_LITERAL_CONVERSION = YES;
				CLANG_WARN_OBJC_ROOT_CLASS = YES_ERROR;
				CLANG_WARN_RANGE_LOOP_ANALYSIS = YES;
				CLANG_WARN_STRICT_PROTOTYPES = YES;
				CLANG_WARN_SUSPICIOUS_MOVE = YES;
				CLANG_WARN_UNGUARDED_AVAILABILITY = YES_AGGRESSIVE;
				CLANG_WARN_UNREACHABLE_CODE = YES;
				CLANG_WARN__DUPLICATE_METHOD_MATCH = YES;
				COPY_PHASE_STRIP = NO;
				DEBUG_INFORMATION_FORMAT = "dwarf-with-dsym";
				ENABLE_NS_ASSERTIONS = NO;
				ENABLE_STRICT_OBJC_MSGSEND = YES;
				GCC_C_LANGUAGE_STANDARD = gnu11;
				GCC_NO_COMMON_BLOCKS = YES;
				GCC_WARN_64_TO_32_BIT_CONVERSION = YES;
				GCC_WARN_ABOUT_RETURN_TYPE = YES_ERROR;
				GCC_WARN_UNDECLARED_SELECTOR = YES;
				GCC_WARN_UNINITIALIZED_AUTOS = YES_AGGRESSIVE;
				GCC_WARN_UNUSED_FUNCTION = YES;
				GCC_WARN_UNUSED_VARIABLE = YES;
				IPHONEOS_DEPLOYMENT_TARGET = 13.4;
				MTL_ENABLE_DEBUG_INFO = NO;
				MTL_FAST_MATH = YES;
				SDKROOT = iphoneos;
				SWIFT_COMPILATION_MODE = wholemodule;
				SWIFT_OPTIMIZATION_LEVEL = "-O";
				VALIDATE_PRODUCT = YES;
			};
			name = Release;
		};
		431749D92445267B009E1F09 /* Debug */ = {
			isa = XCBuildConfiguration;
			baseConfigurationReference = 449ACB88CE2A2C1D20AFE340 /* Pods-memory-cards-game.debug.xcconfig */;
			buildSettings = {
				ASSETCATALOG_COMPILER_APPICON_NAME = AppIcon;
				CODE_SIGN_STYLE = Automatic;
				DEVELOPMENT_TEAM = 4J5NY3YD66;
				INFOPLIST_FILE = "memory-cards-game/Info.plist";
				IPHONEOS_DEPLOYMENT_TARGET = 11.0;
				LD_RUNPATH_SEARCH_PATHS = (
					"$(inherited)",
					"@executable_path/Frameworks",
				);
				PRODUCT_BUNDLE_IDENTIFIER = "chi.memory-cards-game";
				PRODUCT_NAME = "Memory cards game";
				SWIFT_VERSION = 5.0;
				TARGETED_DEVICE_FAMILY = 1;
			};
			name = Debug;
		};
		431749DA2445267B009E1F09 /* Release */ = {
			isa = XCBuildConfiguration;
			baseConfigurationReference = 0EB02C741EA05C97651D531D /* Pods-memory-cards-game.release.xcconfig */;
			buildSettings = {
				ASSETCATALOG_COMPILER_APPICON_NAME = AppIcon;
				CODE_SIGN_STYLE = Automatic;
				DEVELOPMENT_TEAM = 4J5NY3YD66;
				INFOPLIST_FILE = "memory-cards-game/Info.plist";
				IPHONEOS_DEPLOYMENT_TARGET = 11.0;
				LD_RUNPATH_SEARCH_PATHS = (
					"$(inherited)",
					"@executable_path/Frameworks",
				);
				PRODUCT_BUNDLE_IDENTIFIER = "chi.memory-cards-game";
				PRODUCT_NAME = "Memory cards game";
				SWIFT_VERSION = 5.0;
				TARGETED_DEVICE_FAMILY = 1;
			};
			name = Release;
		};
/* End XCBuildConfiguration section */

/* Begin XCConfigurationList section */
		431749BF24452679009E1F09 /* Build configuration list for PBXProject "memory-cards-game" */ = {
			isa = XCConfigurationList;
			buildConfigurations = (
				431749D62445267B009E1F09 /* Debug */,
				431749D72445267B009E1F09 /* Release */,
			);
			defaultConfigurationIsVisible = 0;
			defaultConfigurationName = Release;
		};
		431749D82445267B009E1F09 /* Build configuration list for PBXNativeTarget "memory-cards-game" */ = {
			isa = XCConfigurationList;
			buildConfigurations = (
				431749D92445267B009E1F09 /* Debug */,
				431749DA2445267B009E1F09 /* Release */,
			);
			defaultConfigurationIsVisible = 0;
			defaultConfigurationName = Release;
		};
/* End XCConfigurationList section */
	};
	rootObject = 431749BC24452679009E1F09 /* Project object */;
}
